# This file is generated by running "yarn install" inside your project.
# Manual changes might be lost - proceed with caution!

__metadata:
  version: 6
  cacheKey: 8

"@universal-labs/styled-language-server@workspace:.":
  version: 0.0.0-use.local
  resolution: "@universal-labs/styled-language-server@workspace:."
  dependencies:
    typescript-template-language-service-decorator: 2.3.2
    vscode-languageserver: ^8.1.0
    vscode-languageserver-textdocument: ^1.0.8
  languageName: unknown
  linkType: soft

"typescript-template-language-service-decorator@npm:2.3.2":
  version: 2.3.2
  resolution: "typescript-template-language-service-decorator@npm:2.3.2"
  checksum: 55bf21e7bdca8f284c988753a51a5bd23890c0cdf9a9577c87dd17412c2589593f34eb7270cbb230a5b9160c53a5c34f4a91a542b079ca882290bb27ac9c701a
  languageName: node
  linkType: hard

"vscode-jsonrpc@npm:8.1.0":
  version: 8.1.0
  resolution: "vscode-jsonrpc@npm:8.1.0"
  checksum: 8980037cc0014802e6ac1e5dfcff9a65e8292727096dfd23c92d2039c0c45de74a00d6ee06938cf1a671286dd8258a5f418cf048c26ad0fcb0c44f96c9e0f278
  languageName: node
  linkType: hard

"vscode-languageserver-protocol@npm:3.17.3":
  version: 3.17.3
  resolution: "vscode-languageserver-protocol@npm:3.17.3"
  dependencies:
    vscode-jsonrpc: 8.1.0
    vscode-languageserver-types: 3.17.3
  checksum: ffea508b2efd7f4853f1cef5e5eac58672f0ae71a9ec275ad37a4a2a24cdc3ff023f941e759951aee01c79da3f3279f10e034f19d875f081eb387181241bd836
  languageName: node
  linkType: hard

"vscode-languageserver-textdocument@npm:^1.0.8":
  version: 1.0.8
  resolution: "vscode-languageserver-textdocument@npm:1.0.8"
  checksum: d6b685456ceca2736793d7fc1924d78a8483997c96c6ec4900d90e64115730da6c0c03e3fbc2c5d031a4592f2acd9cca2ca58a651b696c4f40b8690a48538c06
  languageName: node
  linkType: hard

"vscode-languageserver-types@npm:3.17.3":
  version: 3.17.3
  resolution: "vscode-languageserver-types@npm:3.17.3"
  checksum: fbc8221297261f659a6482875ff2a419dc9d55965dc53745797da569ff9f819cd832e6f2699017baadd946548bbfe212e3f6971f3d960f12dc0ee9c629dacc07
  languageName: node
  linkType: hard

"vscode-languageserver@npm:^8.1.0":
  version: 8.1.0
  resolution: "vscode-languageserver@npm:8.1.0"
  dependencies:
    vscode-languageserver-protocol: 3.17.3
  bin:
    installServerIntoExtension: bin/installServerIntoExtension
  checksum: 38810619d0a7c587e7e84fc55d9897a0ac235b80a0a8c0ab1faf4283ec6ca1c25f80c0116bcc54aa99d0d9f202f69119fd8cb1264ffb5825eabf45af9bd6793d
  languageName: node
  linkType: hard
